
Microsoft Visual Studio Solution File, Format Version 12.00
# Visual Studio Version 17
VisualStudioVersion = 17.14.36408.4
MinimumVisualStudioVersion = 10.0.40219.1
Project("{FAE04EC0-301F-11D3-BF4B-00C04F79EFBC}") = "CalDAV", "CalDAV\CalDAV.csproj", "{A42EFACA-1A70-4735-9B82-48F08701A17C}"
EndProject
Project("{FAE04EC0-301F-11D3-BF4B-00C04F79EFBC}") = "CalDAV.Tests", "CalDAV.Tests\CalDAV.Tests.csproj", "{7DC35E90-94DC-DC36-CE7C-D53453371C6A}"
EndProject
Project("{FAE04EC0-301F-11D3-BF4B-00C04F79EFBC}") = "CalDAV.Examples", "CalDAV.Examples\CalDAV.Examples.csproj", "{81D22175-597A-4F09-9A31-4DAA958E63C7}"
EndProject
Global
	GlobalSection(SolutionConfigurationPlatforms) = preSolution
		Debug|Any CPU = Debug|Any CPU
		Release|Any CPU = Release|Any CPU
	EndGlobalSection
	GlobalSection(ProjectConfigurationPlatforms) = postSolution
		{A42EFACA-1A70-4735-9B82-48F08701A17C}.Debug|Any CPU.ActiveCfg = Debug|Any CPU
		{A42EFACA-1A70-4735-9B82-48F08701A17C}.Debug|Any CPU.Build.0 = Debug|Any CPU
		{A42EFACA-1A70-4735-9B82-48F08701A17C}.Release|Any CPU.ActiveCfg = Release|Any CPU
		{A42EFACA-1A70-4735-9B82-48F08701A17C}.Release|Any CPU.Build.0 = Release|Any CPU
		{7DC35E90-94DC-DC36-CE7C-D53453371C6A}.Debug|Any CPU.ActiveCfg = Debug|Any CPU
		{7DC35E90-94DC-DC36-CE7C-D53453371C6A}.Debug|Any CPU.Build.0 = Debug|Any CPU
		{7DC35E90-94DC-DC36-CE7C-D53453371C6A}.Release|Any CPU.ActiveCfg = Release|Any CPU
		{7DC35E90-94DC-DC36-CE7C-D53453371C6A}.Release|Any CPU.Build.0 = Release|Any CPU
		{81D22175-597A-4F09-9A31-4DAA958E63C7}.Debug|Any CPU.ActiveCfg = Debug|Any CPU
		{81D22175-597A-4F09-9A31-4DAA958E63C7}.Debug|Any CPU.Build.0 = Debug|Any CPU
		{81D22175-597A-4F09-9A31-4DAA958E63C7}.Release|Any CPU.ActiveCfg = Release|Any CPU
		{81D22175-597A-4F09-9A31-4DAA958E63C7}.Release|Any CPU.Build.0 = Release|Any CPU
	EndGlobalSection
	GlobalSection(SolutionProperties) = preSolution
		HideSolutionNode = FALSE
	EndGlobalSection
	GlobalSection(ExtensibilityGlobals) = postSolution
		SolutionGuid = {3AEDB2D0-378D-40E6-808D-D8EF9C6F2652}
	EndGlobalSection
EndGlobal
